
Microsoft Visual Studio Solution File, Format Version 12.00
# Visual Studio Version 17
VisualStudioVersion = 17.14.36623.8 d17.14
MinimumVisualStudioVersion = 10.0.40219.1
Project("{FAE04EC0-301F-11D3-BF4B-00C04F79EFBC}") = "Prueba21", "Prueba21.csproj", "{0C2ADD8B-F9C1-E70D-336C-ED2C2B27BC5F}"
EndProject
Global
	GlobalSection(SolutionConfigurationPlatforms) = preSolution
		Debug|Any CPU = Debug|Any CPU
		Release|Any CPU = Release|Any CPU
	EndGlobalSection
	GlobalSection(ProjectConfigurationPlatforms) = postSolution
		{0C2ADD8B-F9C1-E70D-336C-ED2C2B27BC5F}.Debug|Any CPU.ActiveCfg = Debug|Any CPU
		{0C2ADD8B-F9C1-E70D-336C-ED2C2B27BC5F}.Debug|Any CPU.Build.0 = Debug|Any CPU
		{0C2ADD8B-F9C1-E70D-336C-ED2C2B27BC5F}.Release|Any CPU.ActiveCfg = Release|Any CPU
		{0C2ADD8B-F9C1-E70D-336C-ED2C2B27BC5F}.Release|Any CPU.Build.0 = Release|Any CPU
	EndGlobalSection
	GlobalSection(SolutionProperties) = preSolution
		HideSolutionNode = FALSE
	EndGlobalSection
	GlobalSection(ExtensibilityGlobals) = postSolution
		SolutionGuid = {0E615609-3DCF-4D73-A6DF-E472B503BE0E}
	EndGlobalSection
EndGlobal
